
Microsoft Visual Studio Solution File, Format Version 12.00
# Visual Studio Version 17
VisualStudioVersion = 17.14.36414.22 d17.14
MinimumVisualStudioVersion = 10.0.40219.1
Project("{FAE04EC0-301F-11D3-BF4B-00C04F79EFBC}") = "PomoServer", "PomoServer.csproj", "{76AD5E35-5720-47A1-B5C6-01A9596076FE}"
EndProject
Global
	GlobalSection(SolutionConfigurationPlatforms) = preSolution
		Debug|Any CPU = Debug|Any CPU
		Release|Any CPU = Release|Any CPU
	EndGlobalSection
	GlobalSection(ProjectConfigurationPlatforms) = postSolution
		{76AD5E35-5720-47A1-B5C6-01A9596076FE}.Debug|Any CPU.ActiveCfg = Debug|Any CPU
		{76AD5E35-5720-47A1-B5C6-01A9596076FE}.Debug|Any CPU.Build.0 = Debug|Any CPU
		{76AD5E35-5720-47A1-B5C6-01A9596076FE}.Release|Any CPU.ActiveCfg = Release|Any CPU
		{76AD5E35-5720-47A1-B5C6-01A9596076FE}.Release|Any CPU.Build.0 = Release|Any CPU
	EndGlobalSection
	GlobalSection(SolutionProperties) = preSolution
		HideSolutionNode = FALSE
	EndGlobalSection
	GlobalSection(ExtensibilityGlobals) = postSolution
		SolutionGuid = {AE9A04EA-5E98-4070-AACD-9B47D2FDF625}
	EndGlobalSection
EndGlobal
